
Microsoft Visual Studio Solution File, Format Version 12.00
# Visual Studio Version 17
VisualStudioVersion = 17.6.33712.159
MinimumVisualStudioVersion = 10.0.40219.1
Project("{FAE04EC0-301F-11D3-BF4B-00C04F79EFBC}") = "CapaAdmin", "CapaAdmin\CapaAdmin.csproj", "{C30FFDBE-45B7-40F6-92A2-7DAC966BC87C}"
EndProject
Project("{FAE04EC0-301F-11D3-BF4B-00C04F79EFBC}") = "CapaTienda", "CapaTienda\CapaTienda.csproj", "{2C39FA3D-9021-4A4C-9C80-4A6A0BFB1CDB}"
EndProject
Project("{FAE04EC0-301F-11D3-BF4B-00C04F79EFBC}") = "CapaDatos", "CapaDatos\CapaDatos.csproj", "{63503F2E-91BD-46B4-AB28-C861E6AFAFD8}"
EndProject
Project("{FAE04EC0-301F-11D3-BF4B-00C04F79EFBC}") = "CapaEntidad", "CapaEntidad\CapaEntidad.csproj", "{01FFC473-7D7C-4986-9978-DA394D71B41D}"
EndProject
Project("{FAE04EC0-301F-11D3-BF4B-00C04F79EFBC}") = "CapaNegocio", "CapaNegocio\CapaNegocio.csproj", "{A5C417F6-6F8C-47B8-83BC-95F49DABEC7F}"
EndProject
Global
	GlobalSection(SolutionConfigurationPlatforms) = preSolution
		Debug|Any CPU = Debug|Any CPU
		Release|Any CPU = Release|Any CPU
	EndGlobalSection
	GlobalSection(ProjectConfigurationPlatforms) = postSolution
		{C30FFDBE-45B7-40F6-92A2-7DAC966BC87C}.Debug|Any CPU.ActiveCfg = Debug|Any CPU
		{C30FFDBE-45B7-40F6-92A2-7DAC966BC87C}.Debug|Any CPU.Build.0 = Debug|Any CPU
		{C30FFDBE-45B7-40F6-92A2-7DAC966BC87C}.Release|Any CPU.ActiveCfg = Release|Any CPU
		{C30FFDBE-45B7-40F6-92A2-7DAC966BC87C}.Release|Any CPU.Build.0 = Release|Any CPU
		{2C39FA3D-9021-4A4C-9C80-4A6A0BFB1CDB}.Debug|Any CPU.ActiveCfg = Debug|Any CPU
		{2C39FA3D-9021-4A4C-9C80-4A6A0BFB1CDB}.Debug|Any CPU.Build.0 = Debug|Any CPU
		{2C39FA3D-9021-4A4C-9C80-4A6A0BFB1CDB}.Release|Any CPU.ActiveCfg = Release|Any CPU
		{2C39FA3D-9021-4A4C-9C80-4A6A0BFB1CDB}.Release|Any CPU.Build.0 = Release|Any CPU
		{63503F2E-91BD-46B4-AB28-C861E6AFAFD8}.Debug|Any CPU.ActiveCfg = Debug|Any CPU
		{63503F2E-91BD-46B4-AB28-C861E6AFAFD8}.Debug|Any CPU.Build.0 = Debug|Any CPU
		{63503F2E-91BD-46B4-AB28-C861E6AFAFD8}.Release|Any CPU.ActiveCfg = Release|Any CPU
		{63503F2E-91BD-46B4-AB28-C861E6AFAFD8}.Release|Any CPU.Build.0 = Release|Any CPU
		{01FFC473-7D7C-4986-9978-DA394D71B41D}.Debug|Any CPU.ActiveCfg = Debug|Any CPU
		{01FFC473-7D7C-4986-9978-DA394D71B41D}.Debug|Any CPU.Build.0 = Debug|Any CPU
		{01FFC473-7D7C-4986-9978-DA394D71B41D}.Release|Any CPU.ActiveCfg = Release|Any CPU
		{01FFC473-7D7C-4986-9978-DA394D71B41D}.Release|Any CPU.Build.0 = Release|Any CPU
		{A5C417F6-6F8C-47B8-83BC-95F49DABEC7F}.Debug|Any CPU.ActiveCfg = Debug|Any CPU
		{A5C417F6-6F8C-47B8-83BC-95F49DABEC7F}.Debug|Any CPU.Build.0 = Debug|Any CPU
		{A5C417F6-6F8C-47B8-83BC-95F49DABEC7F}.Release|Any CPU.ActiveCfg = Release|Any CPU
		{A5C417F6-6F8C-47B8-83BC-95F49DABEC7F}.Release|Any CPU.Build.0 = Release|Any CPU
	EndGlobalSection
	GlobalSection(SolutionProperties) = preSolution
		HideSolutionNode = FALSE
	EndGlobalSection
	GlobalSection(ExtensibilityGlobals) = postSolution
		SolutionGuid = {0194B502-A726-4E2C-A39E-4785A1365537}
	EndGlobalSection
EndGlobal
